
Microsoft Visual Studio Solution File, Format Version 9.00
# Visual Studio 2005
Project("{D2ABAB84-BF74-430A-B69E-9DC6D40DDA17}") = "net2jar", "net2jar\net2jar.dwproj", "{C04548E4-9E64-4528-9F6B-A59A5882C6DF}"
EndProject
Global
	GlobalSection(SolutionConfigurationPlatforms) = preSolution
		Development|Default = Development|Default
	EndGlobalSection
	GlobalSection(ProjectConfigurationPlatforms) = postSolution
		{C04548E4-9E64-4528-9F6B-A59A5882C6DF}.Development|Default.ActiveCfg = Development
		{C04548E4-9E64-4528-9F6B-A59A5882C6DF}.Development|Default.Build.0 = Development
		{C04548E4-9E64-4528-9F6B-A59A5882C6DF}.Development|Default.Deploy.0 = Development
	EndGlobalSection
	GlobalSection(SolutionProperties) = preSolution
		HideSolutionNode = FALSE
	EndGlobalSection
EndGlobal
